<?xml version="1.0" encoding="utf-8"?>
<Project ToolsVersion="4.0" xmlns="http://schemas.microsoft.com/developer/msbuild/2003">
  <ItemGroup>
    <ClInclude Include="Xor.hpp" />
    <ClInclude Include="Image.hpp" />
    <ClInclude Include="Format.hpp" />
    <ClInclude Include="Shaders.h" />
    <ClInclude Include="Mesh.hpp" />
    <ClInclude Include="Material.hpp" />
    <ClInclude Include="ImguiRenderer.sig.h" />
    <ClInclude Include="XorDevice.hpp" />
    <ClInclude Include="XorCommandList.hpp" />
    <ClInclude Include="XorResources.hpp" />
    <ClInclude Include="XorBackend.hpp" />
    <ClInclude Include="XorDeviceState.hpp" />
    <ClInclude Include="XorPCH.hpp" />
    <ClInclude Include="ShaderMath.h.hlsl" />
  </ItemGroup>
  <ItemGroup>
    <ClCompile Include="Xor.cpp" />
    <ClCompile Include="Image.cpp" />
    <ClCompile Include="Format.cpp" />
    <ClCompile Include="Mesh.cpp" />
    <ClCompile Include="Material.cpp" />
    <ClCompile Include="XorDevice.cpp" />
    <ClCompile Include="XorCommandList.cpp" />
    <ClCompile Include="XorResources.cpp" />
    <ClCompile Include="XorBackend.cpp" />
    <ClCompile Include="XorDeviceState.cpp" />
    <ClCompile Include="XorPCH.cpp" />
  </ItemGroup>
  <ItemGroup>
    <CustomBuild Include="..\external\FreeImage\FreeImage.dll" />
    <CustomBuild Include="..\external\assimp\assimp-vc130-mt.dll" />
  </ItemGroup>
  <ItemGroup>
    <FxCompile Include="ImguiRenderer.vs.hlsl" />
    <FxCompile Include="ImguiRenderer.ps.hlsl" />
  </ItemGroup>
  <ItemGroup>
    <None Include="..\external\Compressonator\Compressonator_MD_DLL.dll" />
  </ItemGroup>
</Project>