
Microsoft Visual Studio Solution File, Format Version 12.00
# Visual Studio 14
VisualStudioVersion = 14.0.25123.0
MinimumVisualStudioVersion = 10.0.40219.1
Project("{8BC9CEB8-8B4A-11D0-8D11-00A0C91BC942}") = "HelloD3D12", "HelloD3D12\HelloD3D12.vcxproj", "{B58848C6-CC27-4592-9533-613D119F6990}"
EndProject
Project("{8BC9CEB8-8B4A-11D0-8D11-00A0C91BC942}") = "Xor", "Xor\Xor.vcxproj", "{AC764C74-7D44-43BC-9CAB-B470883B5549}"
EndProject
Project("{8BC9CEB8-8B4A-11D0-8D11-00A0C91BC942}") = "Core", "Core\Core.vcxproj", "{77A5EA23-CFC4-42B3-9F7C-B42DF7D76362}"
EndProject
Project("{8BC9CEB8-8B4A-11D0-8D11-00A0C91BC942}") = "HelloXor", "HelloXor\HelloXor.vcxproj", "{31247FB8-949B-44B6-8C3D-1CEF30478669}"
EndProject
Global
	GlobalSection(SolutionConfigurationPlatforms) = preSolution
		Debug|x64 = Debug|x64
		Debug|x86 = Debug|x86
		Release|x64 = Release|x64
		Release|x86 = Release|x86
	EndGlobalSection
	GlobalSection(ProjectConfigurationPlatforms) = postSolution
		{B58848C6-CC27-4592-9533-613D119F6990}.Debug|x64.ActiveCfg = Debug|x64
		{B58848C6-CC27-4592-9533-613D119F6990}.Debug|x64.Build.0 = Debug|x64
		{B58848C6-CC27-4592-9533-613D119F6990}.Debug|x86.ActiveCfg = Debug|x64
		{B58848C6-CC27-4592-9533-613D119F6990}.Release|x64.ActiveCfg = Release|x64
		{B58848C6-CC27-4592-9533-613D119F6990}.Release|x64.Build.0 = Release|x64
		{B58848C6-CC27-4592-9533-613D119F6990}.Release|x86.ActiveCfg = Release|x64
		{AC764C74-7D44-43BC-9CAB-B470883B5549}.Debug|x64.ActiveCfg = Debug|x64
		{AC764C74-7D44-43BC-9CAB-B470883B5549}.Debug|x64.Build.0 = Debug|x64
		{AC764C74-7D44-43BC-9CAB-B470883B5549}.Debug|x86.ActiveCfg = Debug|x64
		{AC764C74-7D44-43BC-9CAB-B470883B5549}.Release|x64.ActiveCfg = Release|x64
		{AC764C74-7D44-43BC-9CAB-B470883B5549}.Release|x64.Build.0 = Release|x64
		{AC764C74-7D44-43BC-9CAB-B470883B5549}.Release|x86.ActiveCfg = Release|x64
		{77A5EA23-CFC4-42B3-9F7C-B42DF7D76362}.Debug|x64.ActiveCfg = Debug|x64
		{77A5EA23-CFC4-42B3-9F7C-B42DF7D76362}.Debug|x64.Build.0 = Debug|x64
		{77A5EA23-CFC4-42B3-9F7C-B42DF7D76362}.Debug|x86.ActiveCfg = Debug|x64
		{77A5EA23-CFC4-42B3-9F7C-B42DF7D76362}.Release|x64.ActiveCfg = Release|x64
		{77A5EA23-CFC4-42B3-9F7C-B42DF7D76362}.Release|x64.Build.0 = Release|x64
		{77A5EA23-CFC4-42B3-9F7C-B42DF7D76362}.Release|x86.ActiveCfg = Release|x64
		{31247FB8-949B-44B6-8C3D-1CEF30478669}.Debug|x64.ActiveCfg = Debug|x64
		{31247FB8-949B-44B6-8C3D-1CEF30478669}.Debug|x64.Build.0 = Debug|x64
		{31247FB8-949B-44B6-8C3D-1CEF30478669}.Debug|x86.ActiveCfg = Debug|x64
		{31247FB8-949B-44B6-8C3D-1CEF30478669}.Release|x64.ActiveCfg = Release|x64
		{31247FB8-949B-44B6-8C3D-1CEF30478669}.Release|x64.Build.0 = Release|x64
		{31247FB8-949B-44B6-8C3D-1CEF30478669}.Release|x86.ActiveCfg = Release|x64
	EndGlobalSection
	GlobalSection(SolutionProperties) = preSolution
		HideSolutionNode = FALSE
	EndGlobalSection
EndGlobal
