<?xml version="1.0" encoding="utf-8"?>
<Project ToolsVersion="4.0" xmlns="http://schemas.microsoft.com/developer/msbuild/2003">
  <ItemGroup>
    <ClCompile Include="Terrain.cpp" />
  </ItemGroup>
  <ItemGroup>
    <FxCompile Include="RenderTerrain.vs.hlsl" />
    <FxCompile Include="RenderTerrain.ps.hlsl" />
    <FxCompile Include="VisualizeTriangulation.vs.hlsl" />
    <FxCompile Include="VisualizeTriangulation.ps.hlsl" />
    <FxCompile Include="ComputeNormalMap.cs.hlsl" />
    <FxCompile Include="RenderTerrainAO.ps.hlsl" />
    <FxCompile Include="RenderTerrainAO.vs.hlsl" />
    <FxCompile Include="ResolveTerrainAO.cs.hlsl" />
    <FxCompile Include="AccumulateTerrainAO.cs.hlsl" />
    <FxCompile Include="TerrainShadowPrepass.ps.hlsl" />
    <FxCompile Include="TerrainShadowFiltering.cs.hlsl" />
  </ItemGroup>
  <ItemGroup>
    <ClInclude Include="RenderTerrain.sig.h" />
    <ClInclude Include="VisualizeTriangulation.sig.h" />
    <ClInclude Include="ComputeNormalMap.sig.h" />
    <ClInclude Include="RenderTerrainAO.sig.h" />
    <ClInclude Include="ResolveTerrainAO.sig.h" />
    <ClInclude Include="AccumulateTerrainAO.sig.h" />
    <ClInclude Include="TerrainShadowFiltering.sig.h" />
    <ClInclude Include="TerrainRendering.h" />
  </ItemGroup>
  <ItemGroup>
    <None Include="packages.config" />
  </ItemGroup>
</Project>